[[package]]
name = "bleak"
version = "0.14.2"
description = "Bluetooth Low Energy platform Agnostic Klient"
category = "main"
optional = false
python-versions = "*"

[package.dependencies]
bleak-winrt = {version = ">=1.1.1", markers = "platform_system == \"Windows\""}
dbus-next = {version = "*", markers = "platform_system == \"Linux\""}
pyobjc-core = {version = "*", markers = "platform_system == \"Darwin\""}
pyobjc-framework-CoreBluetooth = {version = "*", markers = "platform_system == \"Darwin\""}
pyobjc-framework-libdispatch = {version = "*", markers = "platform_system == \"Darwin\""}

[[package]]
name = "bleak-winrt"
version = "1.1.1"
description = "Python WinRT bindings for Bleak"
category = "main"
optional = false
python-versions = "*"

[[package]]
name = "dbus-next"
version = "0.2.3"
description = "A zero-dependency DBus library for Python with asyncio support"
category = "main"
optional = false
python-versions = ">=3.6.0"

[[package]]
name = "pyobjc-core"
version = "8.2"
description = "Python<->ObjC Interoperability Module"
category = "main"
optional = false
python-versions = ">=3.6"

[[package]]
name = "pyobjc-framework-cocoa"
version = "8.2"
description = "Wrappers for the Cocoa frameworks on macOS"
category = "main"
optional = false
python-versions = ">=3.6"

[package.dependencies]
pyobjc-core = ">=8.2"

[[package]]
name = "pyobjc-framework-corebluetooth"
version = "8.2"
description = "Wrappers for the framework CoreBluetooth on macOS"
category = "main"
optional = false
python-versions = ">=3.6"

[package.dependencies]
pyobjc-core = ">=8.2"
pyobjc-framework-Cocoa = ">=8.2"

[[package]]
name = "pyobjc-framework-libdispatch"
version = "8.2"
description = "Wrappers for libdispatch on macOS"
category = "main"
optional = false
python-versions = ">=3.6"

[package.dependencies]
pyobjc-core = ">=8.2"

[[package]]
name = "pyqt5"
version = "5.15.6"
description = "Python bindings for the Qt cross platform application toolkit"
category = "main"
optional = false
python-versions = ">=3.6"

[package.dependencies]
PyQt5-Qt5 = ">=5.15.2"
PyQt5-sip = ">=12.8,<13"

[[package]]
name = "pyqt5-qt5"
version = "5.15.2"
description = "The subset of a Qt installation needed by PyQt5."
category = "main"
optional = false
python-versions = "*"

[[package]]
name = "pyqt5-sip"
version = "12.9.0"
description = "The sip module support for PyQt5"
category = "main"
optional = false
python-versions = ">=3.5"

[metadata]
lock-version = "1.1"
python-versions = "^3.9"
content-hash = "00eb26adf760dff512ca39ad8bcf137c483b8157a752af4743fc7562e617a5ed"

[metadata.files]
bleak = [
    {file = "bleak-0.14.2-py2.py3-none-any.whl", hash = "sha256:48cee8151ec505e02d13330db369b4b78e39dd66e0629e7a1c3d9277e57ac791"},
    {file = "bleak-0.14.2.tar.gz", hash = "sha256:d04cedcfee67b46c5d1b09072478e102dc32617e1bb55655c457254d0a4678ba"},
]
bleak-winrt = [
    {file = "bleak-winrt-1.1.1.tar.gz", hash = "sha256:3e7765f98d71b5229d95bd3b197931994dead40f3144e7186de7b8f664e26df0"},
    {file = "bleak_winrt-1.1.1-cp310-cp310-win32.whl", hash = "sha256:f1ab6641cfdadce69126b459c5d30f1a934384bc0c37632393163eea3c94d7a8"},
    {file = "bleak_winrt-1.1.1-cp310-cp310-win_amd64.whl", hash = "sha256:79a87c7fcc99838bf7f71765e855a74a80e085c4aedde14d0931d56a9f87be77"},
    {file = "bleak_winrt-1.1.1-cp37-cp37m-win32.whl", hash = "sha256:1cf652fe38822216c093d4322b9899f54bff3169c4fc48ee8dd10bc1938ec59c"},
    {file = "bleak_winrt-1.1.1-cp37-cp37m-win_amd64.whl", hash = "sha256:09b64b9b768dfa3abab16e67f7e0d476a0e9d86da2975a2487e033ce2be96663"},
    {file = "bleak_winrt-1.1.1-cp38-cp38-win32.whl", hash = "sha256:1c4a9ee0c3195d07a3fd8f994953075443563c2c5c8e608cd09f3d0eaac540ed"},
    {file = "bleak_winrt-1.1.1-cp38-cp38-win_amd64.whl", hash = "sha256:e75b8d5aad3169bd528be9ccbacb775fb0d07f1714ca93b1efa6687c47a1b755"},
    {file = "bleak_winrt-1.1.1-cp39-cp39-win32.whl", hash = "sha256:e0da28651f8e83aaaea4113d084880f1fafae75c29c2a70429ae1f0b8681dc52"},
    {file = "bleak_winrt-1.1.1-cp39-cp39-win_amd64.whl", hash = "sha256:7481aed7d17e8c2aa2bf9e3786206e382f710f516e00887d825df1b7a4c613d5"},
]
dbus-next = [
    {file = "dbus_next-0.2.3-py3-none-any.whl", hash = "sha256:58948f9aff9db08316734c0be2a120f6dc502124d9642f55e90ac82ffb16a18b"},
    {file = "dbus_next-0.2.3.tar.gz", hash = "sha256:f4eae26909332ada528c0a3549dda8d4f088f9b365153952a408e28023a626a5"},
]
pyobjc-core = [
    {file = "pyobjc-core-8.2.tar.gz", hash = "sha256:6afb8ee1dd0647cbfaaf99906eca3b43ce045b27e3d4510462d04e7e5361c89b"},
    {file = "pyobjc_core-8.2-cp310-cp310-macosx_10_9_universal2.whl", hash = "sha256:311e45556c3afa8831713b89017e0204562f51f35661d76c07ffe04985f44e1d"},
    {file = "pyobjc_core-8.2-cp36-cp36m-macosx_10_9_x86_64.whl", hash = "sha256:711f361e83382e405e4273ff085178b0cf730901ccf6801f834e7037e50278f9"},
    {file = "pyobjc_core-8.2-cp37-cp37m-macosx_10_9_x86_64.whl", hash = "sha256:bdd2e2960ec73214bcfe2d86bb4ca94f5f5119db86d129fa32d3c003b6532c50"},
    {file = "pyobjc_core-8.2-cp38-cp38-macosx_10_9_x86_64.whl", hash = "sha256:b879f91fc614c399aafa1d08cf5e279c267510e904bad5c336c3a6064c0eb3aa"},
    {file = "pyobjc_core-8.2-cp38-cp38-macosx_11_0_universal2.whl", hash = "sha256:b4ef4bdb99a330f5e15cc6273098964276fccbc432453cdba3c2963292bc066c"},
    {file = "pyobjc_core-8.2-cp39-cp39-macosx_10_9_universal2.whl", hash = "sha256:fd8e5be0955790ff8f9d17a0f356b6eb7eb1ce4995e0c94355c462dd52d22d6d"},
]
pyobjc-framework-cocoa = [
    {file = "pyobjc-framework-Cocoa-8.2.tar.gz", hash = "sha256:f0901998e2f18415ef6d1f8a12b083f69fc93bd56b3e88040002e3c09bd8c304"},
    {file = "pyobjc_framework_Cocoa-8.2-cp310-cp310-macosx_10_9_universal2.whl", hash = "sha256:5af73f150e242542735e0663bb5504f88aabaec2a54c60e856cfca3ff6dd9712"},
    {file = "pyobjc_framework_Cocoa-8.2-cp36-cp36m-macosx_10_9_x86_64.whl", hash = "sha256:d1de3763ee01850c311da74de5c82c85ec199120e85ab45acaf203accc37a470"},
    {file = "pyobjc_framework_Cocoa-8.2-cp37-cp37m-macosx_10_9_x86_64.whl", hash = "sha256:86d69bf667f99f3c43184d8830567195fff94c675fe7f60f899dd90553d9b265"},
    {file = "pyobjc_framework_Cocoa-8.2-cp38-cp38-macosx_10_9_x86_64.whl", hash = "sha256:9dbadb22826392c48b00087359f66579f8404a4f4f77498f31f9869c54bb0fa9"},
    {file = "pyobjc_framework_Cocoa-8.2-cp38-cp38-macosx_11_0_universal2.whl", hash = "sha256:7adf8b57da1c1292c24375b8e74b6dd45f99a4d3c10ba925a9b38f63a97ba782"},
    {file = "pyobjc_framework_Cocoa-8.2-cp39-cp39-macosx_10_9_universal2.whl", hash = "sha256:bc8279c8c1544087d46a7e99324f093029df89b8c527c5da2a682bad4cb3197e"},
]
pyobjc-framework-corebluetooth = [
    {file = "pyobjc-framework-CoreBluetooth-8.2.tar.gz", hash = "sha256:473662009cd0780d172947f8fd58489e9d95c85a48d143bed7c8a013f48534a4"},
    {file = "pyobjc_framework_CoreBluetooth-8.2-cp36-abi3-macosx_10_9_universal2.whl", hash = "sha256:7968e913f95a606d563b9214362ace2dac19057f47bbf071c37b29d69babef13"},
    {file = "pyobjc_framework_CoreBluetooth-8.2-cp36-abi3-macosx_10_9_x86_64.whl", hash = "sha256:b7a8caf97a8e648297685f07c70b98e5d3de9dde3b5e0114affb5b14f63a2fda"},
    {file = "pyobjc_framework_CoreBluetooth-8.2-cp36-abi3-macosx_11_0_universal2.whl", hash = "sha256:00ce3b3497d9be48a24ce556dfa12a71aaf7925c7b82a64db2c7edb21aac3887"},
]
pyobjc-framework-libdispatch = [
    {file = "pyobjc-framework-libdispatch-8.2.tar.gz", hash = "sha256:fdb009bcac3c9d39bb4158cc61e4a7b9bf24b7e1b58b0cc2ccd038d359be371f"},
    {file = "pyobjc_framework_libdispatch-8.2-cp310-cp310-macosx_10_9_universal2.whl", hash = "sha256:0484f326f1dc81a783f787cc5de4d89e5eecf3e6f5ccd3768649749f6715411a"},
    {file = "pyobjc_framework_libdispatch-8.2-cp36-cp36m-macosx_10_9_x86_64.whl", hash = "sha256:a4edbadb3b30c6de1a28be8af1d21b38ee1cedcc2f87ef59cd03af67e7d70a5a"},
    {file = "pyobjc_framework_libdispatch-8.2-cp37-cp37m-macosx_10_9_x86_64.whl", hash = "sha256:bed96b2a5ba0b5ca38c41762ec313e17081d441b5a6281e351646b4553877c2b"},
    {file = "pyobjc_framework_libdispatch-8.2-cp38-cp38-macosx_10_9_x86_64.whl", hash = "sha256:93550d6dc1bdb1125fc585a6e472283015dbe25e0670f41e562f8cf826284bf7"},
    {file = "pyobjc_framework_libdispatch-8.2-cp38-cp38-macosx_11_0_universal2.whl", hash = "sha256:5d64fa528d7b9f20a6641c0266291afa91fb0e70cfba610e2fc9001c84ece586"},
    {file = "pyobjc_framework_libdispatch-8.2-cp39-cp39-macosx_10_9_universal2.whl", hash = "sha256:dd42f4b0e7b29e0510213087b1e242032b895044ad87728664d373460e032609"},
]
pyqt5 = [
    {file = "PyQt5-5.15.6-cp36-abi3-macosx_10_13_x86_64.whl", hash = "sha256:33ced1c876f6a26e7899615a5a4efef2167c263488837c7beed023a64cebd051"},
    {file = "PyQt5-5.15.6-cp36-abi3-manylinux1_x86_64.whl", hash = "sha256:9d6efad0377aa78bf081a20ac752ce86096ded18f04c592d98f5b92dc879ad0a"},
    {file = "PyQt5-5.15.6-cp36-abi3-win32.whl", hash = "sha256:9d2dcdaf82263ae56023410a7af15d1fd746c8e361733a7d0d1bd1f004ec2793"},
    {file = "PyQt5-5.15.6-cp36-abi3-win_amd64.whl", hash = "sha256:f411ecda52e488e1d3c5cce7563e1b2ca9cf0b7531e3c25b03d9a7e56e07e7fc"},
    {file = "PyQt5-5.15.6.tar.gz", hash = "sha256:80343bcab95ffba619f2ed2467fd828ffeb0a251ad7225be5fc06dcc333af452"},
]
pyqt5-qt5 = [
    {file = "PyQt5_Qt5-5.15.2-py3-none-macosx_10_13_intel.whl", hash = "sha256:76980cd3d7ae87e3c7a33bfebfaee84448fd650bad6840471d6cae199b56e154"},
    {file = "PyQt5_Qt5-5.15.2-py3-none-manylinux2014_x86_64.whl", hash = "sha256:1988f364ec8caf87a6ee5d5a3a5210d57539988bf8e84714c7d60972692e2f4a"},
    {file = "PyQt5_Qt5-5.15.2-py3-none-win32.whl", hash = "sha256:9cc7a768b1921f4b982ebc00a318ccb38578e44e45316c7a4a850e953e1dd327"},
    {file = "PyQt5_Qt5-5.15.2-py3-none-win_amd64.whl", hash = "sha256:750b78e4dba6bdf1607febedc08738e318ea09e9b10aea9ff0d73073f11f6962"},
]
pyqt5-sip = [
    {file = "PyQt5_sip-12.9.0-cp310-cp310-macosx_10_9_universal2.whl", hash = "sha256:6d5bca2fc222d58e8093ee8a81a6e3437067bb22bc3f86d06ec8be721e15e90a"},
    {file = "PyQt5_sip-12.9.0-cp310-cp310-manylinux1_x86_64.whl", hash = "sha256:d59af63120d1475b2bf94fe8062610720a9be1e8940ea146c7f42bb449d49067"},
    {file = "PyQt5_sip-12.9.0-cp310-cp310-win32.whl", hash = "sha256:0fc9aefacf502696710b36cdc9fa2a61487f55ee883dbcf2c2a6477e261546f7"},
    {file = "PyQt5_sip-12.9.0-cp310-cp310-win_amd64.whl", hash = "sha256:485972daff2fb0311013f471998f8ec8262ea381bded244f9d14edaad5f54271"},
    {file = "PyQt5_sip-12.9.0-cp36-cp36m-macosx_10_6_intel.whl", hash = "sha256:d85002238b5180bce4b245c13d6face848faa1a7a9e5c6e292025004f2fd619a"},
    {file = "PyQt5_sip-12.9.0-cp36-cp36m-manylinux1_x86_64.whl", hash = "sha256:83c3220b1ca36eb8623ba2eb3766637b19eb0ce9f42336ad8253656d32750c0a"},
    {file = "PyQt5_sip-12.9.0-cp36-cp36m-win32.whl", hash = "sha256:d8b2bdff7bbf45bc975c113a03b14fd669dc0c73e1327f02706666a7dd51a197"},
    {file = "PyQt5_sip-12.9.0-cp36-cp36m-win_amd64.whl", hash = "sha256:69a3ad4259172e2b1aa9060de211efac39ddd734a517b1924d9c6c0cc4f55f96"},
    {file = "PyQt5_sip-12.9.0-cp37-cp37m-macosx_10_9_x86_64.whl", hash = "sha256:42274a501ab4806d2c31659170db14c282b8313d2255458064666d9e70d96206"},
    {file = "PyQt5_sip-12.9.0-cp37-cp37m-manylinux1_x86_64.whl", hash = "sha256:6a8701892a01a5a2a4720872361197cc80fdd5f49c8482d488ddf38c9c84f055"},
    {file = "PyQt5_sip-12.9.0-cp37-cp37m-win32.whl", hash = "sha256:ac57d796c78117eb39edd1d1d1aea90354651efac9d3590aac67fa4983f99f1f"},
    {file = "PyQt5_sip-12.9.0-cp37-cp37m-win_amd64.whl", hash = "sha256:4347bd81d30c8e3181e553b3734f91658cfbdd8f1a19f254777f906870974e6d"},
    {file = "PyQt5_sip-12.9.0-cp38-cp38-macosx_10_9_x86_64.whl", hash = "sha256:c446971c360a0a1030282a69375a08c78e8a61d568bfd6dab3dcc5cf8817f644"},
    {file = "PyQt5_sip-12.9.0-cp38-cp38-manylinux1_x86_64.whl", hash = "sha256:fc43f2d7c438517ee33e929e8ae77132749c15909afab6aeece5fcf4147ffdb5"},
    {file = "PyQt5_sip-12.9.0-cp38-cp38-win32.whl", hash = "sha256:055581c6fed44ba4302b70eeb82e979ff70400037358908f251cd85cbb3dbd93"},
    {file = "PyQt5_sip-12.9.0-cp38-cp38-win_amd64.whl", hash = "sha256:c5216403d4d8d857ec4a61f631d3945e44fa248aa2415e9ee9369ab7c8a4d0c7"},
    {file = "PyQt5_sip-12.9.0-cp39-cp39-macosx_10_9_x86_64.whl", hash = "sha256:a25b9843c7da6a1608f310879c38e6434331aab1dc2fe6cb65c14f1ecf33780e"},
    {file = "PyQt5_sip-12.9.0-cp39-cp39-manylinux1_x86_64.whl", hash = "sha256:dd05c768c2b55ffe56a9d49ce6cc77cdf3d53dbfad935258a9e347cbfd9a5850"},
    {file = "PyQt5_sip-12.9.0-cp39-cp39-win32.whl", hash = "sha256:4f8e05fe01d54275877c59018d8e82dcdd0bc5696053a8b830eecea3ce806121"},
    {file = "PyQt5_sip-12.9.0-cp39-cp39-win_amd64.whl", hash = "sha256:b09f4cd36a4831229fb77c424d89635fa937d97765ec90685e2f257e56a2685a"},
    {file = "PyQt5_sip-12.9.0.tar.gz", hash = "sha256:d3e4489d7c2b0ece9d203ae66e573939f7f60d4d29e089c9f11daa17cfeaae32"},
]
